
Microsoft Visual Studio Solution File, Format Version 12.00
# Visual Studio Version 16
VisualStudioVersion = 16.0.29411.108
MinimumVisualStudioVersion = 10.0.40219.1
Project("{2150E333-8FDC-42A3-9474-1A3956D46DE8}") = "Chapter 1", "Chapter 1", "{EBDCFC40-D99E-49DD-829B-3236421BE08E}"
EndProject
Project("{8BC9CEB8-8B4A-11D0-8D11-00A0C91BC942}") = "Quick-Find", "DataStructures\Chapter 1\Quick-Find algorithm\Quick-Find algorithm.vcxproj", "{C3B44F39-D8CE-4A86-B5C1-B8CFDF8B7654}"
EndProject
Project("{8BC9CEB8-8B4A-11D0-8D11-00A0C91BC942}") = "Quick-Unite", "DataStructures\Chapter 1\Quick-Unite algorithm\QuickUnite.vcxproj", "{A0389F9B-93CD-488C-85B7-750FCD43FC50}"
EndProject
Project("{8BC9CEB8-8B4A-11D0-8D11-00A0C91BC942}") = "Weighted Quick-Unite", "DataStructures\Chapter 1\Weighted Quick-Unite\Weighted Quick-Unite.vcxproj", "{9FE79E90-8B75-497A-BD73-E90F4CDCDFD7}"
EndProject
Project("{2150E333-8FDC-42A3-9474-1A3956D46DE8}") = "Chapter 3", "Chapter 3", "{886A4DC7-E1A1-4FEA-B24F-6CCE90A4DA43}"
EndProject
Project("{8BC9CEB8-8B4A-11D0-8D11-00A0C91BC942}") = "PrimeNumbersEratosthenis", "DataStructures\Chapter 3\PrimeNumbersEratosthenis\PrimeNumbersEratosthenis.vcxproj", "{3B35497A-0BE3-40E8-BA3F-A20AF4A2B4BE}"
EndProject
Project("{8BC9CEB8-8B4A-11D0-8D11-00A0C91BC942}") = "CoinFlip", "DataStructures\Chapter 3\CoinFlip\CoinFlip.vcxproj", "{6DB48FA8-F42E-4CC7-A8CF-572BC9D7D653}"
EndProject
Project("{8BC9CEB8-8B4A-11D0-8D11-00A0C91BC942}") = "LinkedList", "DataStructures\Chapter 3\LinkedList\LinkedList.vcxproj", "{BB16689C-98C5-42A8-AD40-94C4C9BCC5F5}"
EndProject
Project("{8BC9CEB8-8B4A-11D0-8D11-00A0C91BC942}") = "JosephusProblem", "DataStructures\Chapter 3\JosephusProblem\JosephusProblem.vcxproj", "{CFB1A358-AC75-4FD7-85CE-D0BD4717E4E8}"
EndProject
Project("{2150E333-8FDC-42A3-9474-1A3956D46DE8}") = "Chapter 4", "Chapter 4", "{E75351D7-B88A-408F-A2E5-E4823DA0A5F6}"
EndProject
Project("{8BC9CEB8-8B4A-11D0-8D11-00A0C91BC942}") = "InfixToPostfixAndCalculation", "InfixToPostfixAndCalculation\InfixToPostfixAndCalculation.vcxproj", "{FB742BC9-D6D0-4F5B-95A4-43FFF60EF540}"
EndProject
Project("{FAE04EC0-301F-11D3-BF4B-00C04F79EFBC}") = "InfixCalculator_CSharp", "InfixCalculator_CSharp\InfixCalculator_CSharp.csproj", "{B2C17B6E-B4F7-473C-8F04-1C7F0514523A}"
EndProject
Project("{2150E333-8FDC-42A3-9474-1A3956D46DE8}") = "Chapter 5", "Chapter 5", "{2781D585-D54B-441D-B05E-DA11CD684C6E}"
EndProject
Project("{8BC9CEB8-8B4A-11D0-8D11-00A0C91BC942}") = "KnapsackProblem", "DataStructures\Chapter 5\KnapsackProblem_SimpleRecursion\KnapsackProblem_SimpleRecursion.vcxproj", "{4151EBAB-1106-4D6E-8F48-EE042ED26FA3}"
EndProject
Project("{2150E333-8FDC-42A3-9474-1A3956D46DE8}") = "Final", "Final", "{223E41A3-3DDC-4309-AD9D-FFABE519A6AE}"
EndProject
Project("{8BC9CEB8-8B4A-11D0-8D11-00A0C91BC942}") = "TreeHeight", "TreeHeight\TreeHeight.vcxproj", "{B8A0F152-8954-43A6-BFBC-B1CBC97485EB}"
EndProject
Global
	GlobalSection(SolutionConfigurationPlatforms) = preSolution
		Debug|Any CPU = Debug|Any CPU
		Debug|x64 = Debug|x64
		Debug|x86 = Debug|x86
		Release|Any CPU = Release|Any CPU
		Release|x64 = Release|x64
		Release|x86 = Release|x86
	EndGlobalSection
	GlobalSection(ProjectConfigurationPlatforms) = postSolution
		{C3B44F39-D8CE-4A86-B5C1-B8CFDF8B7654}.Debug|Any CPU.ActiveCfg = Debug|Win32
		{C3B44F39-D8CE-4A86-B5C1-B8CFDF8B7654}.Debug|x64.ActiveCfg = Debug|x64
		{C3B44F39-D8CE-4A86-B5C1-B8CFDF8B7654}.Debug|x64.Build.0 = Debug|x64
		{C3B44F39-D8CE-4A86-B5C1-B8CFDF8B7654}.Debug|x86.ActiveCfg = Debug|Win32
		{C3B44F39-D8CE-4A86-B5C1-B8CFDF8B7654}.Debug|x86.Build.0 = Debug|Win32
		{C3B44F39-D8CE-4A86-B5C1-B8CFDF8B7654}.Release|Any CPU.ActiveCfg = Release|Win32
		{C3B44F39-D8CE-4A86-B5C1-B8CFDF8B7654}.Release|x64.ActiveCfg = Release|x64
		{C3B44F39-D8CE-4A86-B5C1-B8CFDF8B7654}.Release|x64.Build.0 = Release|x64
		{C3B44F39-D8CE-4A86-B5C1-B8CFDF8B7654}.Release|x86.ActiveCfg = Release|Win32
		{C3B44F39-D8CE-4A86-B5C1-B8CFDF8B7654}.Release|x86.Build.0 = Release|Win32
		{A0389F9B-93CD-488C-85B7-750FCD43FC50}.Debug|Any CPU.ActiveCfg = Debug|Win32
		{A0389F9B-93CD-488C-85B7-750FCD43FC50}.Debug|x64.ActiveCfg = Debug|x64
		{A0389F9B-93CD-488C-85B7-750FCD43FC50}.Debug|x64.Build.0 = Debug|x64
		{A0389F9B-93CD-488C-85B7-750FCD43FC50}.Debug|x86.ActiveCfg = Debug|Win32
		{A0389F9B-93CD-488C-85B7-750FCD43FC50}.Debug|x86.Build.0 = Debug|Win32
		{A0389F9B-93CD-488C-85B7-750FCD43FC50}.Release|Any CPU.ActiveCfg = Release|Win32
		{A0389F9B-93CD-488C-85B7-750FCD43FC50}.Release|x64.ActiveCfg = Release|x64
		{A0389F9B-93CD-488C-85B7-750FCD43FC50}.Release|x64.Build.0 = Release|x64
		{A0389F9B-93CD-488C-85B7-750FCD43FC50}.Release|x86.ActiveCfg = Release|Win32
		{A0389F9B-93CD-488C-85B7-750FCD43FC50}.Release|x86.Build.0 = Release|Win32
		{9FE79E90-8B75-497A-BD73-E90F4CDCDFD7}.Debug|Any CPU.ActiveCfg = Debug|Win32
		{9FE79E90-8B75-497A-BD73-E90F4CDCDFD7}.Debug|x64.ActiveCfg = Debug|x64
		{9FE79E90-8B75-497A-BD73-E90F4CDCDFD7}.Debug|x64.Build.0 = Debug|x64
		{9FE79E90-8B75-497A-BD73-E90F4CDCDFD7}.Debug|x86.ActiveCfg = Debug|Win32
		{9FE79E90-8B75-497A-BD73-E90F4CDCDFD7}.Debug|x86.Build.0 = Debug|Win32
		{9FE79E90-8B75-497A-BD73-E90F4CDCDFD7}.Release|Any CPU.ActiveCfg = Release|Win32
		{9FE79E90-8B75-497A-BD73-E90F4CDCDFD7}.Release|x64.ActiveCfg = Release|x64
		{9FE79E90-8B75-497A-BD73-E90F4CDCDFD7}.Release|x64.Build.0 = Release|x64
		{9FE79E90-8B75-497A-BD73-E90F4CDCDFD7}.Release|x86.ActiveCfg = Release|Win32
		{9FE79E90-8B75-497A-BD73-E90F4CDCDFD7}.Release|x86.Build.0 = Release|Win32
		{3B35497A-0BE3-40E8-BA3F-A20AF4A2B4BE}.Debug|Any CPU.ActiveCfg = Debug|Win32
		{3B35497A-0BE3-40E8-BA3F-A20AF4A2B4BE}.Debug|x64.ActiveCfg = Debug|x64
		{3B35497A-0BE3-40E8-BA3F-A20AF4A2B4BE}.Debug|x64.Build.0 = Debug|x64
		{3B35497A-0BE3-40E8-BA3F-A20AF4A2B4BE}.Debug|x86.ActiveCfg = Debug|Win32
		{3B35497A-0BE3-40E8-BA3F-A20AF4A2B4BE}.Debug|x86.Build.0 = Debug|Win32
		{3B35497A-0BE3-40E8-BA3F-A20AF4A2B4BE}.Release|Any CPU.ActiveCfg = Release|Win32
		{3B35497A-0BE3-40E8-BA3F-A20AF4A2B4BE}.Release|x64.ActiveCfg = Release|x64
		{3B35497A-0BE3-40E8-BA3F-A20AF4A2B4BE}.Release|x64.Build.0 = Release|x64
		{3B35497A-0BE3-40E8-BA3F-A20AF4A2B4BE}.Release|x86.ActiveCfg = Release|Win32
		{3B35497A-0BE3-40E8-BA3F-A20AF4A2B4BE}.Release|x86.Build.0 = Release|Win32
		{6DB48FA8-F42E-4CC7-A8CF-572BC9D7D653}.Debug|Any CPU.ActiveCfg = Debug|Win32
		{6DB48FA8-F42E-4CC7-A8CF-572BC9D7D653}.Debug|x64.ActiveCfg = Debug|x64
		{6DB48FA8-F42E-4CC7-A8CF-572BC9D7D653}.Debug|x64.Build.0 = Debug|x64
		{6DB48FA8-F42E-4CC7-A8CF-572BC9D7D653}.Debug|x86.ActiveCfg = Debug|Win32
		{6DB48FA8-F42E-4CC7-A8CF-572BC9D7D653}.Debug|x86.Build.0 = Debug|Win32
		{6DB48FA8-F42E-4CC7-A8CF-572BC9D7D653}.Release|Any CPU.ActiveCfg = Release|Win32
		{6DB48FA8-F42E-4CC7-A8CF-572BC9D7D653}.Release|x64.ActiveCfg = Release|x64
		{6DB48FA8-F42E-4CC7-A8CF-572BC9D7D653}.Release|x64.Build.0 = Release|x64
		{6DB48FA8-F42E-4CC7-A8CF-572BC9D7D653}.Release|x86.ActiveCfg = Release|Win32
		{6DB48FA8-F42E-4CC7-A8CF-572BC9D7D653}.Release|x86.Build.0 = Release|Win32
		{BB16689C-98C5-42A8-AD40-94C4C9BCC5F5}.Debug|Any CPU.ActiveCfg = Debug|Win32
		{BB16689C-98C5-42A8-AD40-94C4C9BCC5F5}.Debug|x64.ActiveCfg = Debug|x64
		{BB16689C-98C5-42A8-AD40-94C4C9BCC5F5}.Debug|x64.Build.0 = Debug|x64
		{BB16689C-98C5-42A8-AD40-94C4C9BCC5F5}.Debug|x86.ActiveCfg = Debug|Win32
		{BB16689C-98C5-42A8-AD40-94C4C9BCC5F5}.Debug|x86.Build.0 = Debug|Win32
		{BB16689C-98C5-42A8-AD40-94C4C9BCC5F5}.Release|Any CPU.ActiveCfg = Release|Win32
		{BB16689C-98C5-42A8-AD40-94C4C9BCC5F5}.Release|x64.ActiveCfg = Release|x64
		{BB16689C-98C5-42A8-AD40-94C4C9BCC5F5}.Release|x64.Build.0 = Release|x64
		{BB16689C-98C5-42A8-AD40-94C4C9BCC5F5}.Release|x86.ActiveCfg = Release|Win32
		{BB16689C-98C5-42A8-AD40-94C4C9BCC5F5}.Release|x86.Build.0 = Release|Win32
		{CFB1A358-AC75-4FD7-85CE-D0BD4717E4E8}.Debug|Any CPU.ActiveCfg = Debug|Win32
		{CFB1A358-AC75-4FD7-85CE-D0BD4717E4E8}.Debug|x64.ActiveCfg = Debug|x64
		{CFB1A358-AC75-4FD7-85CE-D0BD4717E4E8}.Debug|x64.Build.0 = Debug|x64
		{CFB1A358-AC75-4FD7-85CE-D0BD4717E4E8}.Debug|x86.ActiveCfg = Debug|Win32
		{CFB1A358-AC75-4FD7-85CE-D0BD4717E4E8}.Debug|x86.Build.0 = Debug|Win32
		{CFB1A358-AC75-4FD7-85CE-D0BD4717E4E8}.Release|Any CPU.ActiveCfg = Release|Win32
		{CFB1A358-AC75-4FD7-85CE-D0BD4717E4E8}.Release|x64.ActiveCfg = Release|x64
		{CFB1A358-AC75-4FD7-85CE-D0BD4717E4E8}.Release|x64.Build.0 = Release|x64
		{CFB1A358-AC75-4FD7-85CE-D0BD4717E4E8}.Release|x86.ActiveCfg = Release|Win32
		{CFB1A358-AC75-4FD7-85CE-D0BD4717E4E8}.Release|x86.Build.0 = Release|Win32
		{FB742BC9-D6D0-4F5B-95A4-43FFF60EF540}.Debug|Any CPU.ActiveCfg = Debug|Win32
		{FB742BC9-D6D0-4F5B-95A4-43FFF60EF540}.Debug|x64.ActiveCfg = Debug|x64
		{FB742BC9-D6D0-4F5B-95A4-43FFF60EF540}.Debug|x64.Build.0 = Debug|x64
		{FB742BC9-D6D0-4F5B-95A4-43FFF60EF540}.Debug|x86.ActiveCfg = Debug|Win32
		{FB742BC9-D6D0-4F5B-95A4-43FFF60EF540}.Debug|x86.Build.0 = Debug|Win32
		{FB742BC9-D6D0-4F5B-95A4-43FFF60EF540}.Release|Any CPU.ActiveCfg = Release|Win32
		{FB742BC9-D6D0-4F5B-95A4-43FFF60EF540}.Release|x64.ActiveCfg = Release|x64
		{FB742BC9-D6D0-4F5B-95A4-43FFF60EF540}.Release|x64.Build.0 = Release|x64
		{FB742BC9-D6D0-4F5B-95A4-43FFF60EF540}.Release|x86.ActiveCfg = Release|Win32
		{FB742BC9-D6D0-4F5B-95A4-43FFF60EF540}.Release|x86.Build.0 = Release|Win32
		{B2C17B6E-B4F7-473C-8F04-1C7F0514523A}.Debug|Any CPU.ActiveCfg = Debug|Any CPU
		{B2C17B6E-B4F7-473C-8F04-1C7F0514523A}.Debug|Any CPU.Build.0 = Debug|Any CPU
		{B2C17B6E-B4F7-473C-8F04-1C7F0514523A}.Debug|x64.ActiveCfg = Debug|Any CPU
		{B2C17B6E-B4F7-473C-8F04-1C7F0514523A}.Debug|x64.Build.0 = Debug|Any CPU
		{B2C17B6E-B4F7-473C-8F04-1C7F0514523A}.Debug|x86.ActiveCfg = Debug|Any CPU
		{B2C17B6E-B4F7-473C-8F04-1C7F0514523A}.Debug|x86.Build.0 = Debug|Any CPU
		{B2C17B6E-B4F7-473C-8F04-1C7F0514523A}.Release|Any CPU.ActiveCfg = Release|Any CPU
		{B2C17B6E-B4F7-473C-8F04-1C7F0514523A}.Release|Any CPU.Build.0 = Release|Any CPU
		{B2C17B6E-B4F7-473C-8F04-1C7F0514523A}.Release|x64.ActiveCfg = Release|Any CPU
		{B2C17B6E-B4F7-473C-8F04-1C7F0514523A}.Release|x64.Build.0 = Release|Any CPU
		{B2C17B6E-B4F7-473C-8F04-1C7F0514523A}.Release|x86.ActiveCfg = Release|Any CPU
		{B2C17B6E-B4F7-473C-8F04-1C7F0514523A}.Release|x86.Build.0 = Release|Any CPU
		{4151EBAB-1106-4D6E-8F48-EE042ED26FA3}.Debug|Any CPU.ActiveCfg = Debug|Win32
		{4151EBAB-1106-4D6E-8F48-EE042ED26FA3}.Debug|x64.ActiveCfg = Debug|x64
		{4151EBAB-1106-4D6E-8F48-EE042ED26FA3}.Debug|x64.Build.0 = Debug|x64
		{4151EBAB-1106-4D6E-8F48-EE042ED26FA3}.Debug|x86.ActiveCfg = Debug|Win32
		{4151EBAB-1106-4D6E-8F48-EE042ED26FA3}.Debug|x86.Build.0 = Debug|Win32
		{4151EBAB-1106-4D6E-8F48-EE042ED26FA3}.Release|Any CPU.ActiveCfg = Release|Win32
		{4151EBAB-1106-4D6E-8F48-EE042ED26FA3}.Release|x64.ActiveCfg = Release|x64
		{4151EBAB-1106-4D6E-8F48-EE042ED26FA3}.Release|x64.Build.0 = Release|x64
		{4151EBAB-1106-4D6E-8F48-EE042ED26FA3}.Release|x86.ActiveCfg = Release|Win32
		{4151EBAB-1106-4D6E-8F48-EE042ED26FA3}.Release|x86.Build.0 = Release|Win32
		{B8A0F152-8954-43A6-BFBC-B1CBC97485EB}.Debug|Any CPU.ActiveCfg = Debug|Win32
		{B8A0F152-8954-43A6-BFBC-B1CBC97485EB}.Debug|Any CPU.Build.0 = Debug|Win32
		{B8A0F152-8954-43A6-BFBC-B1CBC97485EB}.Debug|x64.ActiveCfg = Debug|x64
		{B8A0F152-8954-43A6-BFBC-B1CBC97485EB}.Debug|x64.Build.0 = Debug|x64
		{B8A0F152-8954-43A6-BFBC-B1CBC97485EB}.Debug|x86.ActiveCfg = Debug|Win32
		{B8A0F152-8954-43A6-BFBC-B1CBC97485EB}.Debug|x86.Build.0 = Debug|Win32
		{B8A0F152-8954-43A6-BFBC-B1CBC97485EB}.Release|Any CPU.ActiveCfg = Release|Win32
		{B8A0F152-8954-43A6-BFBC-B1CBC97485EB}.Release|x64.ActiveCfg = Release|x64
		{B8A0F152-8954-43A6-BFBC-B1CBC97485EB}.Release|x64.Build.0 = Release|x64
		{B8A0F152-8954-43A6-BFBC-B1CBC97485EB}.Release|x86.ActiveCfg = Release|Win32
		{B8A0F152-8954-43A6-BFBC-B1CBC97485EB}.Release|x86.Build.0 = Release|Win32
	EndGlobalSection
	GlobalSection(SolutionProperties) = preSolution
		HideSolutionNode = FALSE
	EndGlobalSection
	GlobalSection(NestedProjects) = preSolution
		{C3B44F39-D8CE-4A86-B5C1-B8CFDF8B7654} = {EBDCFC40-D99E-49DD-829B-3236421BE08E}
		{A0389F9B-93CD-488C-85B7-750FCD43FC50} = {EBDCFC40-D99E-49DD-829B-3236421BE08E}
		{9FE79E90-8B75-497A-BD73-E90F4CDCDFD7} = {EBDCFC40-D99E-49DD-829B-3236421BE08E}
		{3B35497A-0BE3-40E8-BA3F-A20AF4A2B4BE} = {886A4DC7-E1A1-4FEA-B24F-6CCE90A4DA43}
		{6DB48FA8-F42E-4CC7-A8CF-572BC9D7D653} = {886A4DC7-E1A1-4FEA-B24F-6CCE90A4DA43}
		{BB16689C-98C5-42A8-AD40-94C4C9BCC5F5} = {886A4DC7-E1A1-4FEA-B24F-6CCE90A4DA43}
		{CFB1A358-AC75-4FD7-85CE-D0BD4717E4E8} = {886A4DC7-E1A1-4FEA-B24F-6CCE90A4DA43}
		{FB742BC9-D6D0-4F5B-95A4-43FFF60EF540} = {E75351D7-B88A-408F-A2E5-E4823DA0A5F6}
		{B2C17B6E-B4F7-473C-8F04-1C7F0514523A} = {E75351D7-B88A-408F-A2E5-E4823DA0A5F6}
		{4151EBAB-1106-4D6E-8F48-EE042ED26FA3} = {2781D585-D54B-441D-B05E-DA11CD684C6E}
		{B8A0F152-8954-43A6-BFBC-B1CBC97485EB} = {223E41A3-3DDC-4309-AD9D-FFABE519A6AE}
	EndGlobalSection
	GlobalSection(ExtensibilityGlobals) = postSolution
		SolutionGuid = {3CEEE8A0-1C6A-4B6E-A871-19D5C69F3E3F}
	EndGlobalSection
EndGlobal
